
Microsoft Visual Studio Solution File, Format Version 12.00
# Visual Studio 2012
Project("{FAE04EC0-301F-11D3-BF4B-00C04F79EFBC}") = "PlatformTabbedPage", "PlatformTabbedPage\PlatformTabbedPage.csproj", "{EFD5B211-322A-4F42-B5C6-B01875635AB3}"
EndProject
Project("{FAE04EC0-301F-11D3-BF4B-00C04F79EFBC}") = "PlatformTabbedPage.iOS", "PlatformTabbedPage.iOS\PlatformTabbedPage.iOS.csproj", "{77CA4FA2-A28A-4232-A496-00C00499B67C}"
EndProject
Project("{FAE04EC0-301F-11D3-BF4B-00C04F79EFBC}") = "PlatformTabbedPage.Droid", "PlatformTabbedPage.Droid\PlatformTabbedPage.Droid.csproj", "{CFC98E55-F759-4C23-AA02-AB36F27E72F6}"
EndProject
Global
	GlobalSection(SolutionConfigurationPlatforms) = preSolution
		Debug|Any CPU = Debug|Any CPU
		Release|Any CPU = Release|Any CPU
	EndGlobalSection
	GlobalSection(ProjectConfigurationPlatforms) = postSolution
		{EFD5B211-322A-4F42-B5C6-B01875635AB3}.Debug|Any CPU.ActiveCfg = Debug|Any CPU
		{EFD5B211-322A-4F42-B5C6-B01875635AB3}.Debug|Any CPU.Build.0 = Debug|Any CPU
		{EFD5B211-322A-4F42-B5C6-B01875635AB3}.Release|Any CPU.ActiveCfg = Release|Any CPU
		{EFD5B211-322A-4F42-B5C6-B01875635AB3}.Release|Any CPU.Build.0 = Release|Any CPU
		{77CA4FA2-A28A-4232-A496-00C00499B67C}.Debug|Any CPU.ActiveCfg = Debug|Any CPU
		{77CA4FA2-A28A-4232-A496-00C00499B67C}.Debug|Any CPU.Build.0 = Debug|Any CPU
		{77CA4FA2-A28A-4232-A496-00C00499B67C}.Release|Any CPU.ActiveCfg = Release|Any CPU
		{77CA4FA2-A28A-4232-A496-00C00499B67C}.Release|Any CPU.Build.0 = Release|Any CPU
		{CFC98E55-F759-4C23-AA02-AB36F27E72F6}.Debug|Any CPU.ActiveCfg = Debug|Any CPU
		{CFC98E55-F759-4C23-AA02-AB36F27E72F6}.Debug|Any CPU.Build.0 = Debug|Any CPU
		{CFC98E55-F759-4C23-AA02-AB36F27E72F6}.Release|Any CPU.ActiveCfg = Release|Any CPU
		{CFC98E55-F759-4C23-AA02-AB36F27E72F6}.Release|Any CPU.Build.0 = Release|Any CPU
	EndGlobalSection
	GlobalSection(MonoDevelopProperties) = preSolution
		Policies = $0
		$0.DotNetNamingPolicy = $1
		$1.DirectoryNamespaceAssociation = PrefixedHierarchical
		$1.ResourceNamePolicy = FileFormatDefault
	EndGlobalSection
EndGlobal
