Microsoft Visual Studio Solution File, Format Version 12.00
# Visual Studio 14
VisualStudioVersion = 14.0.25420.1
MinimumVisualStudioVersion = 10.0.40219.1
Project("{FAE04EC0-301F-11D3-BF4B-00C04F79EFBC}") = "TabbedPage", "TabbedPage\TabbedPage.csproj", "{EC45C58F-30E6-44C2-9D6E-9588C3F91EC5}"
EndProject
Project("{FAE04EC0-301F-11D3-BF4B-00C04F79EFBC}") = "TabbedPage.iOS", "iOS\TabbedPage.iOS.csproj", "{8D44995D-BD8F-4E56-BCD7-0A4747801BF1}"
EndProject
Project("{FAE04EC0-301F-11D3-BF4B-00C04F79EFBC}") = "TabbedPage.Droid", "Droid\TabbedPage.Droid.csproj", "{0FEC838B-9BB7-49DB-8E04-3D64DED4FA3A}"
EndProject
Project("{2150E333-8FDC-42A3-9474-1A3956D46DE8}") = "NuGet sample", "NuGet sample", "{D1BD5329-3271-4E03-A0AB-0AD7A0BDC21C}"
EndProject
Global
	GlobalSection(SolutionConfigurationPlatforms) = preSolution
		Debug|Any CPU = Debug|Any CPU
		Debug|iPhone = Debug|iPhone
		Debug|iPhoneSimulator = Debug|iPhoneSimulator
		Release|Any CPU = Release|Any CPU
		Release|iPhone = Release|iPhone
		Release|iPhoneSimulator = Release|iPhoneSimulator
	EndGlobalSection
	GlobalSection(ProjectConfigurationPlatforms) = postSolution
		{EC45C58F-30E6-44C2-9D6E-9588C3F91EC5}.Debug|Any CPU.ActiveCfg = Debug|Any CPU
		{EC45C58F-30E6-44C2-9D6E-9588C3F91EC5}.Debug|Any CPU.Build.0 = Debug|Any CPU
		{EC45C58F-30E6-44C2-9D6E-9588C3F91EC5}.Debug|iPhone.ActiveCfg = Debug|Any CPU
		{EC45C58F-30E6-44C2-9D6E-9588C3F91EC5}.Debug|iPhone.Build.0 = Debug|Any CPU
		{EC45C58F-30E6-44C2-9D6E-9588C3F91EC5}.Debug|iPhoneSimulator.ActiveCfg = Debug|Any CPU
		{EC45C58F-30E6-44C2-9D6E-9588C3F91EC5}.Debug|iPhoneSimulator.Build.0 = Debug|Any CPU
		{EC45C58F-30E6-44C2-9D6E-9588C3F91EC5}.Release|Any CPU.ActiveCfg = Release|Any CPU
		{EC45C58F-30E6-44C2-9D6E-9588C3F91EC5}.Release|Any CPU.Build.0 = Release|Any CPU
		{EC45C58F-30E6-44C2-9D6E-9588C3F91EC5}.Release|iPhone.ActiveCfg = Release|Any CPU
		{EC45C58F-30E6-44C2-9D6E-9588C3F91EC5}.Release|iPhone.Build.0 = Release|Any CPU
		{EC45C58F-30E6-44C2-9D6E-9588C3F91EC5}.Release|iPhoneSimulator.ActiveCfg = Release|Any CPU
		{EC45C58F-30E6-44C2-9D6E-9588C3F91EC5}.Release|iPhoneSimulator.Build.0 = Release|Any CPU
		{8D44995D-BD8F-4E56-BCD7-0A4747801BF1}.Debug|Any CPU.ActiveCfg = Debug|iPhoneSimulator
		{8D44995D-BD8F-4E56-BCD7-0A4747801BF1}.Debug|Any CPU.Build.0 = Debug|iPhoneSimulator
		{8D44995D-BD8F-4E56-BCD7-0A4747801BF1}.Debug|iPhone.ActiveCfg = Debug|iPhone
		{8D44995D-BD8F-4E56-BCD7-0A4747801BF1}.Debug|iPhone.Build.0 = Debug|iPhone
		{8D44995D-BD8F-4E56-BCD7-0A4747801BF1}.Debug|iPhoneSimulator.ActiveCfg = Debug|iPhoneSimulator
		{8D44995D-BD8F-4E56-BCD7-0A4747801BF1}.Debug|iPhoneSimulator.Build.0 = Debug|iPhoneSimulator
		{8D44995D-BD8F-4E56-BCD7-0A4747801BF1}.Release|Any CPU.ActiveCfg = Release|iPhone
		{8D44995D-BD8F-4E56-BCD7-0A4747801BF1}.Release|Any CPU.Build.0 = Release|iPhone
		{8D44995D-BD8F-4E56-BCD7-0A4747801BF1}.Release|iPhone.ActiveCfg = Release|iPhone
		{8D44995D-BD8F-4E56-BCD7-0A4747801BF1}.Release|iPhone.Build.0 = Release|iPhone
		{8D44995D-BD8F-4E56-BCD7-0A4747801BF1}.Release|iPhoneSimulator.ActiveCfg = Release|iPhoneSimulator
		{8D44995D-BD8F-4E56-BCD7-0A4747801BF1}.Release|iPhoneSimulator.Build.0 = Release|iPhoneSimulator
		{0FEC838B-9BB7-49DB-8E04-3D64DED4FA3A}.Debug|Any CPU.ActiveCfg = Debug|Any CPU
		{0FEC838B-9BB7-49DB-8E04-3D64DED4FA3A}.Debug|Any CPU.Build.0 = Debug|Any CPU
		{0FEC838B-9BB7-49DB-8E04-3D64DED4FA3A}.Debug|Any CPU.Deploy.0 = Debug|Any CPU
		{0FEC838B-9BB7-49DB-8E04-3D64DED4FA3A}.Debug|iPhone.ActiveCfg = Debug|Any CPU
		{0FEC838B-9BB7-49DB-8E04-3D64DED4FA3A}.Debug|iPhone.Build.0 = Debug|Any CPU
		{0FEC838B-9BB7-49DB-8E04-3D64DED4FA3A}.Debug|iPhoneSimulator.ActiveCfg = Debug|Any CPU
		{0FEC838B-9BB7-49DB-8E04-3D64DED4FA3A}.Debug|iPhoneSimulator.Build.0 = Debug|Any CPU
		{0FEC838B-9BB7-49DB-8E04-3D64DED4FA3A}.Release|Any CPU.ActiveCfg = Release|Any CPU
		{0FEC838B-9BB7-49DB-8E04-3D64DED4FA3A}.Release|Any CPU.Build.0 = Release|Any CPU
		{0FEC838B-9BB7-49DB-8E04-3D64DED4FA3A}.Release|iPhone.ActiveCfg = Release|Any CPU
		{0FEC838B-9BB7-49DB-8E04-3D64DED4FA3A}.Release|iPhone.Build.0 = Release|Any CPU
		{0FEC838B-9BB7-49DB-8E04-3D64DED4FA3A}.Release|iPhoneSimulator.ActiveCfg = Release|Any CPU
		{0FEC838B-9BB7-49DB-8E04-3D64DED4FA3A}.Release|iPhoneSimulator.Build.0 = Release|Any CPU
	EndGlobalSection
	GlobalSection(SolutionProperties) = preSolution
		HideSolutionNode = FALSE
	EndGlobalSection
	GlobalSection(NestedProjects) = preSolution
		{EC45C58F-30E6-44C2-9D6E-9588C3F91EC5} = {D1BD5329-3271-4E03-A0AB-0AD7A0BDC21C}
		{8D44995D-BD8F-4E56-BCD7-0A4747801BF1} = {D1BD5329-3271-4E03-A0AB-0AD7A0BDC21C}
		{0FEC838B-9BB7-49DB-8E04-3D64DED4FA3A} = {D1BD5329-3271-4E03-A0AB-0AD7A0BDC21C}
	EndGlobalSection
EndGlobal
